
Microsoft Visual Studio Solution File, Format Version 12.00
# Visual Studio 2012
Project("{FAE04EC0-301F-11D3-BF4B-00C04F79EFBC}") = "MorseCode", "MorseCode\MorseCode.csproj", "{21E90C6F-6CF2-4876-BC6F-B8F3608A6DE6}"
EndProject
Project("{2150E333-8FDC-42A3-9474-1A3956D46DE8}") = "Solution Items", "Solution Items", "{624EEE7B-03C6-4BD4-ACD6-C89BB1C6CAFF}"
	ProjectSection(SolutionItems) = preProject
		Readme.txt = Readme.txt
	EndProjectSection
EndProject
Project("{FAE04EC0-301F-11D3-BF4B-00C04F79EFBC}") = "MorseCode.Lib", "MorseCode.Lib\MorseCode.Lib.csproj", "{80D8B46C-76EE-4727-A9B7-480B34377450}"
EndProject
Project("{2150E333-8FDC-42A3-9474-1A3956D46DE8}") = ".nuget", ".nuget", "{CE0A42F1-A885-4836-967B-29BAABD29149}"
	ProjectSection(SolutionItems) = preProject
		.nuget\NuGet.Config = .nuget\NuGet.Config
		.nuget\NuGet.exe = .nuget\NuGet.exe
		.nuget\NuGet.targets = .nuget\NuGet.targets
	EndProjectSection
EndProject
Project("{FAE04EC0-301F-11D3-BF4B-00C04F79EFBC}") = "MorseCode.Test", "MorseCode.Test\MorseCode.Test.csproj", "{A2B994A5-B6CF-4F6E-9A14-053B50FCEA0F}"
EndProject
Global
	GlobalSection(SolutionConfigurationPlatforms) = preSolution
		Debug|Any CPU = Debug|Any CPU
		Release|Any CPU = Release|Any CPU
	EndGlobalSection
	GlobalSection(ProjectConfigurationPlatforms) = postSolution
		{21E90C6F-6CF2-4876-BC6F-B8F3608A6DE6}.Debug|Any CPU.ActiveCfg = Debug|Any CPU
		{21E90C6F-6CF2-4876-BC6F-B8F3608A6DE6}.Debug|Any CPU.Build.0 = Debug|Any CPU
		{21E90C6F-6CF2-4876-BC6F-B8F3608A6DE6}.Release|Any CPU.ActiveCfg = Release|Any CPU
		{21E90C6F-6CF2-4876-BC6F-B8F3608A6DE6}.Release|Any CPU.Build.0 = Release|Any CPU
		{80D8B46C-76EE-4727-A9B7-480B34377450}.Debug|Any CPU.ActiveCfg = Debug|Any CPU
		{80D8B46C-76EE-4727-A9B7-480B34377450}.Debug|Any CPU.Build.0 = Debug|Any CPU
		{80D8B46C-76EE-4727-A9B7-480B34377450}.Release|Any CPU.ActiveCfg = Release|Any CPU
		{80D8B46C-76EE-4727-A9B7-480B34377450}.Release|Any CPU.Build.0 = Release|Any CPU
		{A2B994A5-B6CF-4F6E-9A14-053B50FCEA0F}.Debug|Any CPU.ActiveCfg = Debug|Any CPU
		{A2B994A5-B6CF-4F6E-9A14-053B50FCEA0F}.Debug|Any CPU.Build.0 = Debug|Any CPU
		{A2B994A5-B6CF-4F6E-9A14-053B50FCEA0F}.Release|Any CPU.ActiveCfg = Release|Any CPU
		{A2B994A5-B6CF-4F6E-9A14-053B50FCEA0F}.Release|Any CPU.Build.0 = Release|Any CPU
	EndGlobalSection
	GlobalSection(SolutionProperties) = preSolution
		HideSolutionNode = FALSE
	EndGlobalSection
EndGlobal
